
Microsoft Visual Studio Solution File, Format Version 12.00
# Visual Studio Version 17
VisualStudioVersion = 17.10.35122.118
MinimumVisualStudioVersion = 10.0.40219.1
Project("{2150E333-8FDC-42A3-9474-1A3956D46DE8}") = "src", "src", "{E7D5F0B9-8A40-41AF-8F2B-CFB567CE71AC}"
EndProject
Project("{9A19103F-16F7-4668-BE54-9A1E7A4F7556}") = "TariffComparison.Domain", "src\TariffComparison.Domain\TariffComparison.Domain.csproj", "{BA5AB3F3-7154-4083-8112-618556884E6D}"
EndProject
Project("{9A19103F-16F7-4668-BE54-9A1E7A4F7556}") = "TariffComparison.API", "src\TariffComparison.API\TariffComparison.API.csproj", "{DF99F037-B158-4CF6-A9F3-B540D97883A8}"
EndProject
Project("{9A19103F-16F7-4668-BE54-9A1E7A4F7556}") = "TariffComparison.Application", "src\TariffComparison.Application\TariffComparison.Application.csproj", "{B329BC93-88B8-47A0-8E56-A005A704EFBB}"
EndProject
Project("{9A19103F-16F7-4668-BE54-9A1E7A4F7556}") = "TariffComparison.Infrastructure", "src\TariffComparison.Infrastructure\TariffComparison.Infrastructure.csproj", "{7A4EF821-090D-4B88-AB55-A383512E7EC1}"
EndProject
Project("{2150E333-8FDC-42A3-9474-1A3956D46DE8}") = "tests", "tests", "{761B33AF-6537-440F-BB1C-DA8DEB39B3CC}"
EndProject
Project("{2150E333-8FDC-42A3-9474-1A3956D46DE8}") = "Solution Items", "Solution Items", "{4C02E83D-95C7-442D-827E-8D06BBA21377}"
	ProjectSection(SolutionItems) = preProject
		docker-compose.yml = docker-compose.yml
		Dockerfile = Dockerfile
		nuget.config = nuget.config
	EndProjectSection
EndProject
Project("{9A19103F-16F7-4668-BE54-9A1E7A4F7556}") = "TariffComparison.UnitTests", "tests\TariffComparison.UnitTests\TariffComparison.UnitTests.csproj", "{93CDA59F-02DB-4017-8E61-7992F7DE700C}"
EndProject
Global
	GlobalSection(SolutionConfigurationPlatforms) = preSolution
		Debug|Any CPU = Debug|Any CPU
		Release|Any CPU = Release|Any CPU
	EndGlobalSection
	GlobalSection(ProjectConfigurationPlatforms) = postSolution
		{BA5AB3F3-7154-4083-8112-618556884E6D}.Debug|Any CPU.ActiveCfg = Debug|Any CPU
		{BA5AB3F3-7154-4083-8112-618556884E6D}.Debug|Any CPU.Build.0 = Debug|Any CPU
		{BA5AB3F3-7154-4083-8112-618556884E6D}.Release|Any CPU.ActiveCfg = Release|Any CPU
		{BA5AB3F3-7154-4083-8112-618556884E6D}.Release|Any CPU.Build.0 = Release|Any CPU
		{DF99F037-B158-4CF6-A9F3-B540D97883A8}.Debug|Any CPU.ActiveCfg = Debug|Any CPU
		{DF99F037-B158-4CF6-A9F3-B540D97883A8}.Debug|Any CPU.Build.0 = Debug|Any CPU
		{DF99F037-B158-4CF6-A9F3-B540D97883A8}.Release|Any CPU.ActiveCfg = Release|Any CPU
		{DF99F037-B158-4CF6-A9F3-B540D97883A8}.Release|Any CPU.Build.0 = Release|Any CPU
		{B329BC93-88B8-47A0-8E56-A005A704EFBB}.Debug|Any CPU.ActiveCfg = Debug|Any CPU
		{B329BC93-88B8-47A0-8E56-A005A704EFBB}.Debug|Any CPU.Build.0 = Debug|Any CPU
		{B329BC93-88B8-47A0-8E56-A005A704EFBB}.Release|Any CPU.ActiveCfg = Release|Any CPU
		{B329BC93-88B8-47A0-8E56-A005A704EFBB}.Release|Any CPU.Build.0 = Release|Any CPU
		{7A4EF821-090D-4B88-AB55-A383512E7EC1}.Debug|Any CPU.ActiveCfg = Debug|Any CPU
		{7A4EF821-090D-4B88-AB55-A383512E7EC1}.Debug|Any CPU.Build.0 = Debug|Any CPU
		{7A4EF821-090D-4B88-AB55-A383512E7EC1}.Release|Any CPU.ActiveCfg = Release|Any CPU
		{7A4EF821-090D-4B88-AB55-A383512E7EC1}.Release|Any CPU.Build.0 = Release|Any CPU
		{93CDA59F-02DB-4017-8E61-7992F7DE700C}.Debug|Any CPU.ActiveCfg = Debug|Any CPU
		{93CDA59F-02DB-4017-8E61-7992F7DE700C}.Debug|Any CPU.Build.0 = Debug|Any CPU
		{93CDA59F-02DB-4017-8E61-7992F7DE700C}.Release|Any CPU.ActiveCfg = Release|Any CPU
		{93CDA59F-02DB-4017-8E61-7992F7DE700C}.Release|Any CPU.Build.0 = Release|Any CPU
	EndGlobalSection
	GlobalSection(SolutionProperties) = preSolution
		HideSolutionNode = FALSE
	EndGlobalSection
	GlobalSection(NestedProjects) = preSolution
		{BA5AB3F3-7154-4083-8112-618556884E6D} = {E7D5F0B9-8A40-41AF-8F2B-CFB567CE71AC}
		{DF99F037-B158-4CF6-A9F3-B540D97883A8} = {E7D5F0B9-8A40-41AF-8F2B-CFB567CE71AC}
		{B329BC93-88B8-47A0-8E56-A005A704EFBB} = {E7D5F0B9-8A40-41AF-8F2B-CFB567CE71AC}
		{7A4EF821-090D-4B88-AB55-A383512E7EC1} = {E7D5F0B9-8A40-41AF-8F2B-CFB567CE71AC}
		{93CDA59F-02DB-4017-8E61-7992F7DE700C} = {761B33AF-6537-440F-BB1C-DA8DEB39B3CC}
	EndGlobalSection
	GlobalSection(ExtensibilityGlobals) = postSolution
		SolutionGuid = {CE92E3CC-6678-4F61-9BA0-64C66A6C40BF}
	EndGlobalSection
EndGlobal
